dependencies:
  bblanchon/arduinojson:
    component_hash: 463812931f99cb7a554d64311288f537b43daaca3eed2427557b907af393447c
    source:
      service_url: https://api.components.espressif.com/
      type: service
    version: 6.21.5
  espressif/esp_lcd_touch:
    component_hash: d4d8f2dc33205797169a97a02e0d89a8982f59fe0509129b54422052b8522f59
    source:
      service_url: https://api.components.espressif.com/
      type: service
    version: 1.1.1
  espressif/esp_lcd_touch_cst816s:
    component_hash: 270bd7df3a2a5cffa3a626c4709fc03237d83fd9daa6fb70c833a2f1875f0f68
    source:
      service_url: https://api.components.espressif.com/
      type: service
    version: 1.0.3
  espressif/esp_tinyusb:
    component_hash: 43d73c626724054db083ad2a537e8af223e3bca7a915fc38a9d9c6c7f2920a69
    source:
      service_url: https://api.components.espressif.com/
      type: service
    version: 1.4.3
  espressif/libsodium:
    component_hash: f6e982479a2389cb6868e8fb761cf23aba6c355a8090b3e906299807775f58a3
    source:
      service_url: https://api.components.espressif.com/
      type: service
    version: 1.0.20~1
  espressif/tinyusb:
    component_hash: a11195d4c7c385aa2b1430009486dd4007920307d13b7db474a62ff040907d8f
    source:
      service_url: https://api.components.espressif.com/
      type: service
    version: 0.15.0~4
  idf:
    component_hash: null
    source:
      type: idf
    version: 5.1.2
  lvgl/lvgl:
    component_hash: 948bff879a345149b83065535bbc4a026ce9f47498a22881e432a264b9098015
    source:
      service_url: https://api.components.espressif.com/
      type: service
    version: 8.3.11
manifest_hash: 274d2cea5a7bbaa200ff3e38c33582d8878030d2b62013f54b7efa6c84f1440c
target: esp32s3
version: 1.0.0
