dependencies:
  bblanchon/arduinojson:
    component_hash: 3e140c209c598a37cd5c58defe05f6dbf2cc1a8b6e85d33885ecc8c2817d2e1f
    source:
      service_url: https://api.components.espressif.com/
      type: service
    version: 6.21.4
  espressif/esp_lcd_touch:
    component_hash: d4d8f2dc33205797169a97a02e0d89a8982f59fe0509129b54422052b8522f59
    source:
      service_url: https://api.components.espressif.com/
      type: service
    version: 1.1.1
  espressif/esp_lcd_touch_cst816s:
    component_hash: 270bd7df3a2a5cffa3a626c4709fc03237d83fd9daa6fb70c833a2f1875f0f68
    source:
      service_url: https://api.components.espressif.com/
      type: service
    version: 1.0.3
  espressif/esp_tinyusb:
    component_hash: f8682cfddb743297ec1350d7cc52dff6b535c737c60c6a388cdcf2e9dc0eca4b
    source:
      service_url: https://api.components.espressif.com/
      type: service
    version: 1.4.2~2
  espressif/libsodium:
    component_hash: f6e982479a2389cb6868e8fb761cf23aba6c355a8090b3e906299807775f58a3
    source:
      service_url: https://api.components.espressif.com/
      type: service
    version: 1.0.20~1
  espressif/tinyusb:
    component_hash: 632ddbd9c73bee5005e7684eed3142649a08d1f304dbe42abed8110b7384e2c2
    source:
      service_url: https://api.components.espressif.com/
      type: service
    version: 0.15.0~3
  idf:
    component_hash: null
    source:
      type: idf
    version: 5.1.2
  lvgl/lvgl:
    component_hash: 948bff879a345149b83065535bbc4a026ce9f47498a22881e432a264b9098015
    source:
      service_url: https://api.components.espressif.com/
      type: service
    version: 8.3.11
manifest_hash: 9ddb81f7d95d24f393c7268e96918e3f3635f34c1367292264e955a3d2326f5f
target: esp32s3
version: 1.0.0
